
Microsoft Visual Studio Solution File, Format Version 12.00
# Visual Studio Version 17
VisualStudioVersion = 17.9.34728.123
MinimumVisualStudioVersion = 10.0.40219.1
Project("{FAE04EC0-301F-11D3-BF4B-00C04F79EFBC}") = "CollaborativeManagementApp", "CollaborativeManagementApp.csproj", "{2113450B-F765-4F27-A7B9-BEE2A7C7B310}"
EndProject
Global
	GlobalSection(SolutionConfigurationPlatforms) = preSolution
		Debug|Any CPU = Debug|Any CPU
		Release|Any CPU = Release|Any CPU
	EndGlobalSection
	GlobalSection(ProjectConfigurationPlatforms) = postSolution
		{2113450B-F765-4F27-A7B9-BEE2A7C7B310}.Debug|Any CPU.ActiveCfg = Debug|Any CPU
		{2113450B-F765-4F27-A7B9-BEE2A7C7B310}.Debug|Any CPU.Build.0 = Debug|Any CPU
		{2113450B-F765-4F27-A7B9-BEE2A7C7B310}.Release|Any CPU.ActiveCfg = Release|Any CPU
		{2113450B-F765-4F27-A7B9-BEE2A7C7B310}.Release|Any CPU.Build.0 = Release|Any CPU
	EndGlobalSection
	GlobalSection(SolutionProperties) = preSolution
		HideSolutionNode = FALSE
	EndGlobalSection
	GlobalSection(ExtensibilityGlobals) = postSolution
		SolutionGuid = {6AC10196-3B11-4F5D-8168-454A717F296B}
	EndGlobalSection
EndGlobal
